
Microsoft Visual Studio Solution File, Format Version 12.00
# Visual Studio 2013
VisualStudioVersion = 12.0.30501.0
MinimumVisualStudioVersion = 10.0.40219.1
Project("{8BC9CEB8-8B4A-11D0-8D11-00A0C91BC942}") = "Problem_1-3_unimodal_search", "Problem_1-3_unimodal_search\Problem_1-3_unimodal_search.vcxproj", "{D20E0014-18D8-414F-BFDE-0E86A7E6BBBE}"
EndProject
Global
	GlobalSection(SolutionConfigurationPlatforms) = preSolution
		Debug|Win32 = Debug|Win32
		Release|Win32 = Release|Win32
	EndGlobalSection
	GlobalSection(ProjectConfigurationPlatforms) = postSolution
		{D20E0014-18D8-414F-BFDE-0E86A7E6BBBE}.Debug|Win32.ActiveCfg = Debug|Win32
		{D20E0014-18D8-414F-BFDE-0E86A7E6BBBE}.Debug|Win32.Build.0 = Debug|Win32
		{D20E0014-18D8-414F-BFDE-0E86A7E6BBBE}.Release|Win32.ActiveCfg = Release|Win32
		{D20E0014-18D8-414F-BFDE-0E86A7E6BBBE}.Release|Win32.Build.0 = Release|Win32
	EndGlobalSection
	GlobalSection(SolutionProperties) = preSolution
		HideSolutionNode = FALSE
	EndGlobalSection
EndGlobal
