
Microsoft Visual Studio Solution File, Format Version 12.00
# Visual Studio 2013
VisualStudioVersion = 12.0.30501.0
MinimumVisualStudioVersion = 10.0.40219.1
Project("{8BC9CEB8-8B4A-11D0-8D11-00A0C91BC942}") = "8.2_counting_sort", "8.2_counting_sort\8.2_counting_sort.vcxproj", "{A6543402-6D15-4454-92B7-09B93C3C3C05}"
EndProject
Global
	GlobalSection(SolutionConfigurationPlatforms) = preSolution
		Debug|Win32 = Debug|Win32
		Release|Win32 = Release|Win32
	EndGlobalSection
	GlobalSection(ProjectConfigurationPlatforms) = postSolution
		{A6543402-6D15-4454-92B7-09B93C3C3C05}.Debug|Win32.ActiveCfg = Debug|Win32
		{A6543402-6D15-4454-92B7-09B93C3C3C05}.Debug|Win32.Build.0 = Debug|Win32
		{A6543402-6D15-4454-92B7-09B93C3C3C05}.Release|Win32.ActiveCfg = Release|Win32
		{A6543402-6D15-4454-92B7-09B93C3C3C05}.Release|Win32.Build.0 = Release|Win32
	EndGlobalSection
	GlobalSection(SolutionProperties) = preSolution
		HideSolutionNode = FALSE
	EndGlobalSection
EndGlobal
