
Microsoft Visual Studio Solution File, Format Version 12.00
# Visual Studio 2013
VisualStudioVersion = 12.0.30501.0
MinimumVisualStudioVersion = 10.0.40219.1
Project("{8BC9CEB8-8B4A-11D0-8D11-00A0C91BC942}") = "Problem_8-3_sorting_variable_length_items_b", "Problem_8-3_sorting_variable_length_items_b\Problem_8-3_sorting_variable_length_items_b.vcxproj", "{9EBCD497-4FA1-4BA7-9881-F60C8AD8CC7D}"
EndProject
Global
	GlobalSection(SolutionConfigurationPlatforms) = preSolution
		Debug|Win32 = Debug|Win32
		Release|Win32 = Release|Win32
	EndGlobalSection
	GlobalSection(ProjectConfigurationPlatforms) = postSolution
		{9EBCD497-4FA1-4BA7-9881-F60C8AD8CC7D}.Debug|Win32.ActiveCfg = Debug|Win32
		{9EBCD497-4FA1-4BA7-9881-F60C8AD8CC7D}.Debug|Win32.Build.0 = Debug|Win32
		{9EBCD497-4FA1-4BA7-9881-F60C8AD8CC7D}.Release|Win32.ActiveCfg = Release|Win32
		{9EBCD497-4FA1-4BA7-9881-F60C8AD8CC7D}.Release|Win32.Build.0 = Release|Win32
	EndGlobalSection
	GlobalSection(SolutionProperties) = preSolution
		HideSolutionNode = FALSE
	EndGlobalSection
EndGlobal
